{
  "pins" : [
    {
      "identity" : "sdwebimage",
      "kind" : "remoteSourceControl",
      "location" : "https://github.com/SDWebImage/SDWebImage.git",
      "state" : {
        "revision" : "36e484b317522667a4b2de9b50daaa01dfa30809",
        "version" : "5.18.0"
      }
    }
  ],
  "version" : 2
}
