{
  "pins" : [
    {
      "identity" : "castled-ios-sdk",
      "kind" : "remoteSourceControl",
      "location" : "https://github.com/castledio/castled-ios-sdk.git",
      "state" : {
        "revision" : "e487477c9ebb19a80501791d2376b8bc574b6287",
        "version" : "2.0.7"
      }
    },
    {
      "identity" : "sdwebimage",
      "kind" : "remoteSourceControl",
      "location" : "https://github.com/SDWebImage/SDWebImage.git",
      "state" : {
        "revision" : "c51ba84499268ea3020e6aee9e229c0f56b9d924",
        "version" : "5.16.0"
      }
    }
  ],
  "version" : 2
}
