{
  "pins" : [
    {
      "identity" : "castled-ios-sdk",
      "kind" : "remoteSourceControl",
      "location" : "https://github.com/castledio/castled-ios-sdk.git",
      "state" : {
        "revision" : "3d0a5c85e768b1c6e39effa3c5a4fcd4d9d5283e",
        "version" : "2.2.3"
      }
    },
    {
      "identity" : "sdwebimage",
      "kind" : "remoteSourceControl",
      "location" : "https://github.com/SDWebImage/SDWebImage.git",
      "state" : {
        "revision" : "c51ba84499268ea3020e6aee9e229c0f56b9d924",
        "version" : "5.16.0"
      }
    }
  ],
  "version" : 2
}
