{
  "pins" : [
    {
      "identity" : "castled-ios-sdk",
      "kind" : "remoteSourceControl",
      "location" : "https://github.com/castledio/castled-ios-sdk.git",
      "state" : {
        "revision" : "1b087b4d687c2c3b542587fedc152eadf2cf36f4",
        "version" : "2.0.6"
      }
    },
    {
      "identity" : "sdwebimage",
      "kind" : "remoteSourceControl",
      "location" : "https://github.com/SDWebImage/SDWebImage.git",
      "state" : {
        "revision" : "c51ba84499268ea3020e6aee9e229c0f56b9d924",
        "version" : "5.16.0"
      }
    }
  ],
  "version" : 2
}
